
Microsoft Visual Studio Solution File, Format Version 12.00
# Visual Studio 14
VisualStudioVersion = 14.0.25420.1
MinimumVisualStudioVersion = 10.0.40219.1
Project("{FAE04EC0-301F-11D3-BF4B-00C04F79EFBC}") = "Cats", "Cats\Cats\Cats.csproj", "{93277780-55E9-44AB-905A-86BA46BFBF49}"
EndProject
Project("{FAE04EC0-301F-11D3-BF4B-00C04F79EFBC}") = "Cats.Droid", "Cats\Cats.Droid\Cats.Droid.csproj", "{BDF03D6C-CB89-4F6A-B244-6CA7A2518298}"
EndProject
Project("{FAE04EC0-301F-11D3-BF4B-00C04F79EFBC}") = "Cats.iOS", "Cats\Cats.iOS\Cats.iOS.csproj", "{96448A49-C341-49F3-89C2-66E3CFAEACEE}"
EndProject
Project("{FAE04EC0-301F-11D3-BF4B-00C04F79EFBC}") = "Cats.WinPhone", "Cats\Cats.WinPhone\Cats.WinPhone.csproj", "{DCD479E1-8955-400D-B4A5-71623BF5A6C9}"
EndProject
Project("{FAE04EC0-301F-11D3-BF4B-00C04F79EFBC}") = "Cats.UWP", "Cats\Cats.UWP\Cats.UWP.csproj", "{8059EAA7-5EB8-48E0-A11F-6A8069F171BE}"
EndProject
Project("{FAE04EC0-301F-11D3-BF4B-00C04F79EFBC}") = "Cats.Windows", "Cats\Cats.Windows\Cats.Windows.csproj", "{F433A65E-BCC9-4C70-AC32-78AEDF504AC9}"
EndProject
Global
	GlobalSection(SolutionConfigurationPlatforms) = preSolution
		Ad-Hoc|Any CPU = Ad-Hoc|Any CPU
		Ad-Hoc|ARM = Ad-Hoc|ARM
		Ad-Hoc|iPhone = Ad-Hoc|iPhone
		Ad-Hoc|iPhoneSimulator = Ad-Hoc|iPhoneSimulator
		Ad-Hoc|x64 = Ad-Hoc|x64
		Ad-Hoc|x86 = Ad-Hoc|x86
		AppStore|Any CPU = AppStore|Any CPU
		AppStore|ARM = AppStore|ARM
		AppStore|iPhone = AppStore|iPhone
		AppStore|iPhoneSimulator = AppStore|iPhoneSimulator
		AppStore|x64 = AppStore|x64
		AppStore|x86 = AppStore|x86
		Debug|Any CPU = Debug|Any CPU
		Debug|ARM = Debug|ARM
		Debug|iPhone = Debug|iPhone
		Debug|iPhoneSimulator = Debug|iPhoneSimulator
		Debug|x64 = Debug|x64
		Debug|x86 = Debug|x86
		Release|Any CPU = Release|Any CPU
		Release|ARM = Release|ARM
		Release|iPhone = Release|iPhone
		Release|iPhoneSimulator = Release|iPhoneSimulator
		Release|x64 = Release|x64
		Release|x86 = Release|x86
	EndGlobalSection
	GlobalSection(ProjectConfigurationPlatforms) = postSolution
		{93277780-55E9-44AB-905A-86BA46BFBF49}.Ad-Hoc|Any CPU.ActiveCfg = Release|Any CPU
		{93277780-55E9-44AB-905A-86BA46BFBF49}.Ad-Hoc|Any CPU.Build.0 = Release|Any CPU
		{93277780-55E9-44AB-905A-86BA46BFBF49}.Ad-Hoc|ARM.ActiveCfg = Release|Any CPU
		{93277780-55E9-44AB-905A-86BA46BFBF49}.Ad-Hoc|ARM.Build.0 = Release|Any CPU
		{93277780-55E9-44AB-905A-86BA46BFBF49}.Ad-Hoc|iPhone.ActiveCfg = Release|Any CPU
		{93277780-55E9-44AB-905A-86BA46BFBF49}.Ad-Hoc|iPhone.Build.0 = Release|Any CPU
		{93277780-55E9-44AB-905A-86BA46BFBF49}.Ad-Hoc|iPhoneSimulator.ActiveCfg = Release|Any CPU
		{93277780-55E9-44AB-905A-86BA46BFBF49}.Ad-Hoc|iPhoneSimulator.Build.0 = Release|Any CPU
		{93277780-55E9-44AB-905A-86BA46BFBF49}.Ad-Hoc|x64.ActiveCfg = Release|Any CPU
		{93277780-55E9-44AB-905A-86BA46BFBF49}.Ad-Hoc|x64.Build.0 = Release|Any CPU
		{93277780-55E9-44AB-905A-86BA46BFBF49}.Ad-Hoc|x86.ActiveCfg = Release|Any CPU
		{93277780-55E9-44AB-905A-86BA46BFBF49}.Ad-Hoc|x86.Build.0 = Release|Any CPU
		{93277780-55E9-44AB-905A-86BA46BFBF49}.AppStore|Any CPU.ActiveCfg = Release|Any CPU
		{93277780-55E9-44AB-905A-86BA46BFBF49}.AppStore|Any CPU.Build.0 = Release|Any CPU
		{93277780-55E9-44AB-905A-86BA46BFBF49}.AppStore|ARM.ActiveCfg = Release|Any CPU
		{93277780-55E9-44AB-905A-86BA46BFBF49}.AppStore|ARM.Build.0 = Release|Any CPU
		{93277780-55E9-44AB-905A-86BA46BFBF49}.AppStore|iPhone.ActiveCfg = Release|Any CPU
		{93277780-55E9-44AB-905A-86BA46BFBF49}.AppStore|iPhone.Build.0 = Release|Any CPU
		{93277780-55E9-44AB-905A-86BA46BFBF49}.AppStore|iPhoneSimulator.ActiveCfg = Release|Any CPU
		{93277780-55E9-44AB-905A-86BA46BFBF49}.AppStore|iPhoneSimulator.Build.0 = Release|Any CPU
		{93277780-55E9-44AB-905A-86BA46BFBF49}.AppStore|x64.ActiveCfg = Release|Any CPU
		{93277780-55E9-44AB-905A-86BA46BFBF49}.AppStore|x64.Build.0 = Release|Any CPU
		{93277780-55E9-44AB-905A-86BA46BFBF49}.AppStore|x86.ActiveCfg = Release|Any CPU
		{93277780-55E9-44AB-905A-86BA46BFBF49}.AppStore|x86.Build.0 = Release|Any CPU
		{93277780-55E9-44AB-905A-86BA46BFBF49}.Debug|Any CPU.ActiveCfg = Debug|Any CPU
		{93277780-55E9-44AB-905A-86BA46BFBF49}.Debug|Any CPU.Build.0 = Debug|Any CPU
		{93277780-55E9-44AB-905A-86BA46BFBF49}.Debug|ARM.ActiveCfg = Debug|Any CPU
		{93277780-55E9-44AB-905A-86BA46BFBF49}.Debug|ARM.Build.0 = Debug|Any CPU
		{93277780-55E9-44AB-905A-86BA46BFBF49}.Debug|iPhone.ActiveCfg = Debug|Any CPU
		{93277780-55E9-44AB-905A-86BA46BFBF49}.Debug|iPhone.Build.0 = Debug|Any CPU
		{93277780-55E9-44AB-905A-86BA46BFBF49}.Debug|iPhoneSimulator.ActiveCfg = Debug|Any CPU
		{93277780-55E9-44AB-905A-86BA46BFBF49}.Debug|iPhoneSimulator.Build.0 = Debug|Any CPU
		{93277780-55E9-44AB-905A-86BA46BFBF49}.Debug|x64.ActiveCfg = Debug|Any CPU
		{93277780-55E9-44AB-905A-86BA46BFBF49}.Debug|x64.Build.0 = Debug|Any CPU
		{93277780-55E9-44AB-905A-86BA46BFBF49}.Debug|x86.ActiveCfg = Debug|Any CPU
		{93277780-55E9-44AB-905A-86BA46BFBF49}.Debug|x86.Build.0 = Debug|Any CPU
		{93277780-55E9-44AB-905A-86BA46BFBF49}.Release|Any CPU.ActiveCfg = Release|Any CPU
		{93277780-55E9-44AB-905A-86BA46BFBF49}.Release|Any CPU.Build.0 = Release|Any CPU
		{93277780-55E9-44AB-905A-86BA46BFBF49}.Release|ARM.ActiveCfg = Release|Any CPU
		{93277780-55E9-44AB-905A-86BA46BFBF49}.Release|ARM.Build.0 = Release|Any CPU
		{93277780-55E9-44AB-905A-86BA46BFBF49}.Release|iPhone.ActiveCfg = Release|Any CPU
		{93277780-55E9-44AB-905A-86BA46BFBF49}.Release|iPhone.Build.0 = Release|Any CPU
		{93277780-55E9-44AB-905A-86BA46BFBF49}.Release|iPhoneSimulator.ActiveCfg = Release|Any CPU
		{93277780-55E9-44AB-905A-86BA46BFBF49}.Release|iPhoneSimulator.Build.0 = Release|Any CPU
		{93277780-55E9-44AB-905A-86BA46BFBF49}.Release|x64.ActiveCfg = Release|Any CPU
		{93277780-55E9-44AB-905A-86BA46BFBF49}.Release|x64.Build.0 = Release|Any CPU
		{93277780-55E9-44AB-905A-86BA46BFBF49}.Release|x86.ActiveCfg = Release|Any CPU
		{93277780-55E9-44AB-905A-86BA46BFBF49}.Release|x86.Build.0 = Release|Any CPU
		{BDF03D6C-CB89-4F6A-B244-6CA7A2518298}.Ad-Hoc|Any CPU.ActiveCfg = Release|Any CPU
		{BDF03D6C-CB89-4F6A-B244-6CA7A2518298}.Ad-Hoc|Any CPU.Build.0 = Release|Any CPU
		{BDF03D6C-CB89-4F6A-B244-6CA7A2518298}.Ad-Hoc|Any CPU.Deploy.0 = Release|Any CPU
		{BDF03D6C-CB89-4F6A-B244-6CA7A2518298}.Ad-Hoc|ARM.ActiveCfg = Release|Any CPU
		{BDF03D6C-CB89-4F6A-B244-6CA7A2518298}.Ad-Hoc|ARM.Build.0 = Release|Any CPU
		{BDF03D6C-CB89-4F6A-B244-6CA7A2518298}.Ad-Hoc|ARM.Deploy.0 = Release|Any CPU
		{BDF03D6C-CB89-4F6A-B244-6CA7A2518298}.Ad-Hoc|iPhone.ActiveCfg = Release|Any CPU
		{BDF03D6C-CB89-4F6A-B244-6CA7A2518298}.Ad-Hoc|iPhone.Build.0 = Release|Any CPU
		{BDF03D6C-CB89-4F6A-B244-6CA7A2518298}.Ad-Hoc|iPhone.Deploy.0 = Release|Any CPU
		{BDF03D6C-CB89-4F6A-B244-6CA7A2518298}.Ad-Hoc|iPhoneSimulator.ActiveCfg = Release|Any CPU
		{BDF03D6C-CB89-4F6A-B244-6CA7A2518298}.Ad-Hoc|iPhoneSimulator.Build.0 = Release|Any CPU
		{BDF03D6C-CB89-4F6A-B244-6CA7A2518298}.Ad-Hoc|iPhoneSimulator.Deploy.0 = Release|Any CPU
		{BDF03D6C-CB89-4F6A-B244-6CA7A2518298}.Ad-Hoc|x64.ActiveCfg = Release|Any CPU
		{BDF03D6C-CB89-4F6A-B244-6CA7A2518298}.Ad-Hoc|x64.Build.0 = Release|Any CPU
		{BDF03D6C-CB89-4F6A-B244-6CA7A2518298}.Ad-Hoc|x64.Deploy.0 = Release|Any CPU
		{BDF03D6C-CB89-4F6A-B244-6CA7A2518298}.Ad-Hoc|x86.ActiveCfg = Release|Any CPU
		{BDF03D6C-CB89-4F6A-B244-6CA7A2518298}.Ad-Hoc|x86.Build.0 = Release|Any CPU
		{BDF03D6C-CB89-4F6A-B244-6CA7A2518298}.Ad-Hoc|x86.Deploy.0 = Release|Any CPU
		{BDF03D6C-CB89-4F6A-B244-6CA7A2518298}.AppStore|Any CPU.ActiveCfg = Release|Any CPU
		{BDF03D6C-CB89-4F6A-B244-6CA7A2518298}.AppStore|Any CPU.Build.0 = Release|Any CPU
		{BDF03D6C-CB89-4F6A-B244-6CA7A2518298}.AppStore|Any CPU.Deploy.0 = Release|Any CPU
		{BDF03D6C-CB89-4F6A-B244-6CA7A2518298}.AppStore|ARM.ActiveCfg = Release|Any CPU
		{BDF03D6C-CB89-4F6A-B244-6CA7A2518298}.AppStore|ARM.Build.0 = Release|Any CPU
		{BDF03D6C-CB89-4F6A-B244-6CA7A2518298}.AppStore|ARM.Deploy.0 = Release|Any CPU
		{BDF03D6C-CB89-4F6A-B244-6CA7A2518298}.AppStore|iPhone.ActiveCfg = Release|Any CPU
		{BDF03D6C-CB89-4F6A-B244-6CA7A2518298}.AppStore|iPhone.Build.0 = Release|Any CPU
		{BDF03D6C-CB89-4F6A-B244-6CA7A2518298}.AppStore|iPhone.Deploy.0 = Release|Any CPU
		{BDF03D6C-CB89-4F6A-B244-6CA7A2518298}.AppStore|iPhoneSimulator.ActiveCfg = Release|Any CPU
		{BDF03D6C-CB89-4F6A-B244-6CA7A2518298}.AppStore|iPhoneSimulator.Build.0 = Release|Any CPU
		{BDF03D6C-CB89-4F6A-B244-6CA7A2518298}.AppStore|iPhoneSimulator.Deploy.0 = Release|Any CPU
		{BDF03D6C-CB89-4F6A-B244-6CA7A2518298}.AppStore|x64.ActiveCfg = Release|Any CPU
		{BDF03D6C-CB89-4F6A-B244-6CA7A2518298}.AppStore|x64.Build.0 = Release|Any CPU
		{BDF03D6C-CB89-4F6A-B244-6CA7A2518298}.AppStore|x64.Deploy.0 = Release|Any CPU
		{BDF03D6C-CB89-4F6A-B244-6CA7A2518298}.AppStore|x86.ActiveCfg = Release|Any CPU
		{BDF03D6C-CB89-4F6A-B244-6CA7A2518298}.AppStore|x86.Build.0 = Release|Any CPU
		{BDF03D6C-CB89-4F6A-B244-6CA7A2518298}.AppStore|x86.Deploy.0 = Release|Any CPU
		{BDF03D6C-CB89-4F6A-B244-6CA7A2518298}.Debug|Any CPU.ActiveCfg = Debug|Any CPU
		{BDF03D6C-CB89-4F6A-B244-6CA7A2518298}.Debug|Any CPU.Build.0 = Debug|Any CPU
		{BDF03D6C-CB89-4F6A-B244-6CA7A2518298}.Debug|Any CPU.Deploy.0 = Debug|Any CPU
		{BDF03D6C-CB89-4F6A-B244-6CA7A2518298}.Debug|ARM.ActiveCfg = Debug|Any CPU
		{BDF03D6C-CB89-4F6A-B244-6CA7A2518298}.Debug|ARM.Build.0 = Debug|Any CPU
		{BDF03D6C-CB89-4F6A-B244-6CA7A2518298}.Debug|ARM.Deploy.0 = Debug|Any CPU
		{BDF03D6C-CB89-4F6A-B244-6CA7A2518298}.Debug|iPhone.ActiveCfg = Debug|Any CPU
		{BDF03D6C-CB89-4F6A-B244-6CA7A2518298}.Debug|iPhone.Build.0 = Debug|Any CPU
		{BDF03D6C-CB89-4F6A-B244-6CA7A2518298}.Debug|iPhone.Deploy.0 = Debug|Any CPU
		{BDF03D6C-CB89-4F6A-B244-6CA7A2518298}.Debug|iPhoneSimulator.ActiveCfg = Debug|Any CPU
		{BDF03D6C-CB89-4F6A-B244-6CA7A2518298}.Debug|iPhoneSimulator.Build.0 = Debug|Any CPU
		{BDF03D6C-CB89-4F6A-B244-6CA7A2518298}.Debug|iPhoneSimulator.Deploy.0 = Debug|Any CPU
		{BDF03D6C-CB89-4F6A-B244-6CA7A2518298}.Debug|x64.ActiveCfg = Debug|Any CPU
		{BDF03D6C-CB89-4F6A-B244-6CA7A2518298}.Debug|x64.Build.0 = Debug|Any CPU
		{BDF03D6C-CB89-4F6A-B244-6CA7A2518298}.Debug|x64.Deploy.0 = Debug|Any CPU
		{BDF03D6C-CB89-4F6A-B244-6CA7A2518298}.Debug|x86.ActiveCfg = Debug|Any CPU
		{BDF03D6C-CB89-4F6A-B244-6CA7A2518298}.Debug|x86.Build.0 = Debug|Any CPU
		{BDF03D6C-CB89-4F6A-B244-6CA7A2518298}.Debug|x86.Deploy.0 = Debug|Any CPU
		{BDF03D6C-CB89-4F6A-B244-6CA7A2518298}.Release|Any CPU.ActiveCfg = Release|Any CPU
		{BDF03D6C-CB89-4F6A-B244-6CA7A2518298}.Release|Any CPU.Build.0 = Release|Any CPU
		{BDF03D6C-CB89-4F6A-B244-6CA7A2518298}.Release|Any CPU.Deploy.0 = Release|Any CPU
		{BDF03D6C-CB89-4F6A-B244-6CA7A2518298}.Release|ARM.ActiveCfg = Release|Any CPU
		{BDF03D6C-CB89-4F6A-B244-6CA7A2518298}.Release|ARM.Build.0 = Release|Any CPU
		{BDF03D6C-CB89-4F6A-B244-6CA7A2518298}.Release|ARM.Deploy.0 = Release|Any CPU
		{BDF03D6C-CB89-4F6A-B244-6CA7A2518298}.Release|iPhone.ActiveCfg = Release|Any CPU
		{BDF03D6C-CB89-4F6A-B244-6CA7A2518298}.Release|iPhone.Build.0 = Release|Any CPU
		{BDF03D6C-CB89-4F6A-B244-6CA7A2518298}.Release|iPhone.Deploy.0 = Release|Any CPU
		{BDF03D6C-CB89-4F6A-B244-6CA7A2518298}.Release|iPhoneSimulator.ActiveCfg = Release|Any CPU
		{BDF03D6C-CB89-4F6A-B244-6CA7A2518298}.Release|iPhoneSimulator.Build.0 = Release|Any CPU
		{BDF03D6C-CB89-4F6A-B244-6CA7A2518298}.Release|iPhoneSimulator.Deploy.0 = Release|Any CPU
		{BDF03D6C-CB89-4F6A-B244-6CA7A2518298}.Release|x64.ActiveCfg = Release|Any CPU
		{BDF03D6C-CB89-4F6A-B244-6CA7A2518298}.Release|x64.Build.0 = Release|Any CPU
		{BDF03D6C-CB89-4F6A-B244-6CA7A2518298}.Release|x64.Deploy.0 = Release|Any CPU
		{BDF03D6C-CB89-4F6A-B244-6CA7A2518298}.Release|x86.ActiveCfg = Release|Any CPU
		{BDF03D6C-CB89-4F6A-B244-6CA7A2518298}.Release|x86.Build.0 = Release|Any CPU
		{BDF03D6C-CB89-4F6A-B244-6CA7A2518298}.Release|x86.Deploy.0 = Release|Any CPU
		{96448A49-C341-49F3-89C2-66E3CFAEACEE}.Ad-Hoc|Any CPU.ActiveCfg = Ad-Hoc|iPhone
		{96448A49-C341-49F3-89C2-66E3CFAEACEE}.Ad-Hoc|ARM.ActiveCfg = Ad-Hoc|iPhone
		{96448A49-C341-49F3-89C2-66E3CFAEACEE}.Ad-Hoc|iPhone.ActiveCfg = Ad-Hoc|iPhone
		{96448A49-C341-49F3-89C2-66E3CFAEACEE}.Ad-Hoc|iPhone.Build.0 = Ad-Hoc|iPhone
		{96448A49-C341-49F3-89C2-66E3CFAEACEE}.Ad-Hoc|iPhoneSimulator.ActiveCfg = Ad-Hoc|iPhoneSimulator
		{96448A49-C341-49F3-89C2-66E3CFAEACEE}.Ad-Hoc|iPhoneSimulator.Build.0 = Ad-Hoc|iPhoneSimulator
		{96448A49-C341-49F3-89C2-66E3CFAEACEE}.Ad-Hoc|x64.ActiveCfg = Ad-Hoc|iPhone
		{96448A49-C341-49F3-89C2-66E3CFAEACEE}.Ad-Hoc|x86.ActiveCfg = Ad-Hoc|iPhone
		{96448A49-C341-49F3-89C2-66E3CFAEACEE}.AppStore|Any CPU.ActiveCfg = AppStore|iPhone
		{96448A49-C341-49F3-89C2-66E3CFAEACEE}.AppStore|ARM.ActiveCfg = AppStore|iPhone
		{96448A49-C341-49F3-89C2-66E3CFAEACEE}.AppStore|iPhone.ActiveCfg = AppStore|iPhone
		{96448A49-C341-49F3-89C2-66E3CFAEACEE}.AppStore|iPhone.Build.0 = AppStore|iPhone
		{96448A49-C341-49F3-89C2-66E3CFAEACEE}.AppStore|iPhoneSimulator.ActiveCfg = AppStore|iPhoneSimulator
		{96448A49-C341-49F3-89C2-66E3CFAEACEE}.AppStore|iPhoneSimulator.Build.0 = AppStore|iPhoneSimulator
		{96448A49-C341-49F3-89C2-66E3CFAEACEE}.AppStore|x64.ActiveCfg = AppStore|iPhone
		{96448A49-C341-49F3-89C2-66E3CFAEACEE}.AppStore|x86.ActiveCfg = AppStore|iPhone
		{96448A49-C341-49F3-89C2-66E3CFAEACEE}.Debug|Any CPU.ActiveCfg = Debug|iPhone
		{96448A49-C341-49F3-89C2-66E3CFAEACEE}.Debug|ARM.ActiveCfg = Debug|iPhone
		{96448A49-C341-49F3-89C2-66E3CFAEACEE}.Debug|iPhone.ActiveCfg = Debug|iPhone
		{96448A49-C341-49F3-89C2-66E3CFAEACEE}.Debug|iPhone.Build.0 = Debug|iPhone
		{96448A49-C341-49F3-89C2-66E3CFAEACEE}.Debug|iPhoneSimulator.ActiveCfg = Debug|iPhoneSimulator
		{96448A49-C341-49F3-89C2-66E3CFAEACEE}.Debug|iPhoneSimulator.Build.0 = Debug|iPhoneSimulator
		{96448A49-C341-49F3-89C2-66E3CFAEACEE}.Debug|x64.ActiveCfg = Debug|iPhone
		{96448A49-C341-49F3-89C2-66E3CFAEACEE}.Debug|x86.ActiveCfg = Debug|iPhone
		{96448A49-C341-49F3-89C2-66E3CFAEACEE}.Release|Any CPU.ActiveCfg = Release|iPhone
		{96448A49-C341-49F3-89C2-66E3CFAEACEE}.Release|ARM.ActiveCfg = Release|iPhone
		{96448A49-C341-49F3-89C2-66E3CFAEACEE}.Release|iPhone.ActiveCfg = Release|iPhone
		{96448A49-C341-49F3-89C2-66E3CFAEACEE}.Release|iPhone.Build.0 = Release|iPhone
		{96448A49-C341-49F3-89C2-66E3CFAEACEE}.Release|iPhoneSimulator.ActiveCfg = Release|iPhoneSimulator
		{96448A49-C341-49F3-89C2-66E3CFAEACEE}.Release|iPhoneSimulator.Build.0 = Release|iPhoneSimulator
		{96448A49-C341-49F3-89C2-66E3CFAEACEE}.Release|x64.ActiveCfg = Release|iPhone
		{96448A49-C341-49F3-89C2-66E3CFAEACEE}.Release|x86.ActiveCfg = Release|iPhone
		{DCD479E1-8955-400D-B4A5-71623BF5A6C9}.Ad-Hoc|Any CPU.ActiveCfg = Release|Any CPU
		{DCD479E1-8955-400D-B4A5-71623BF5A6C9}.Ad-Hoc|Any CPU.Build.0 = Release|Any CPU
		{DCD479E1-8955-400D-B4A5-71623BF5A6C9}.Ad-Hoc|Any CPU.Deploy.0 = Release|Any CPU
		{DCD479E1-8955-400D-B4A5-71623BF5A6C9}.Ad-Hoc|ARM.ActiveCfg = Release|ARM
		{DCD479E1-8955-400D-B4A5-71623BF5A6C9}.Ad-Hoc|ARM.Build.0 = Release|ARM
		{DCD479E1-8955-400D-B4A5-71623BF5A6C9}.Ad-Hoc|ARM.Deploy.0 = Release|ARM
		{DCD479E1-8955-400D-B4A5-71623BF5A6C9}.Ad-Hoc|iPhone.ActiveCfg = Release|Any CPU
		{DCD479E1-8955-400D-B4A5-71623BF5A6C9}.Ad-Hoc|iPhone.Build.0 = Release|Any CPU
		{DCD479E1-8955-400D-B4A5-71623BF5A6C9}.Ad-Hoc|iPhone.Deploy.0 = Release|Any CPU
		{DCD479E1-8955-400D-B4A5-71623BF5A6C9}.Ad-Hoc|iPhoneSimulator.ActiveCfg = Release|Any CPU
		{DCD479E1-8955-400D-B4A5-71623BF5A6C9}.Ad-Hoc|iPhoneSimulator.Build.0 = Release|Any CPU
		{DCD479E1-8955-400D-B4A5-71623BF5A6C9}.Ad-Hoc|iPhoneSimulator.Deploy.0 = Release|Any CPU
		{DCD479E1-8955-400D-B4A5-71623BF5A6C9}.Ad-Hoc|x64.ActiveCfg = Release|Any CPU
		{DCD479E1-8955-400D-B4A5-71623BF5A6C9}.Ad-Hoc|x64.Build.0 = Release|Any CPU
		{DCD479E1-8955-400D-B4A5-71623BF5A6C9}.Ad-Hoc|x64.Deploy.0 = Release|Any CPU
		{DCD479E1-8955-400D-B4A5-71623BF5A6C9}.Ad-Hoc|x86.ActiveCfg = Release|x86
		{DCD479E1-8955-400D-B4A5-71623BF5A6C9}.Ad-Hoc|x86.Build.0 = Release|x86
		{DCD479E1-8955-400D-B4A5-71623BF5A6C9}.Ad-Hoc|x86.Deploy.0 = Release|x86
		{DCD479E1-8955-400D-B4A5-71623BF5A6C9}.AppStore|Any CPU.ActiveCfg = Release|Any CPU
		{DCD479E1-8955-400D-B4A5-71623BF5A6C9}.AppStore|Any CPU.Build.0 = Release|Any CPU
		{DCD479E1-8955-400D-B4A5-71623BF5A6C9}.AppStore|Any CPU.Deploy.0 = Release|Any CPU
		{DCD479E1-8955-400D-B4A5-71623BF5A6C9}.AppStore|ARM.ActiveCfg = Release|ARM
		{DCD479E1-8955-400D-B4A5-71623BF5A6C9}.AppStore|ARM.Build.0 = Release|ARM
		{DCD479E1-8955-400D-B4A5-71623BF5A6C9}.AppStore|ARM.Deploy.0 = Release|ARM
		{DCD479E1-8955-400D-B4A5-71623BF5A6C9}.AppStore|iPhone.ActiveCfg = Release|Any CPU
		{DCD479E1-8955-400D-B4A5-71623BF5A6C9}.AppStore|iPhone.Build.0 = Release|Any CPU
		{DCD479E1-8955-400D-B4A5-71623BF5A6C9}.AppStore|iPhone.Deploy.0 = Release|Any CPU
		{DCD479E1-8955-400D-B4A5-71623BF5A6C9}.AppStore|iPhoneSimulator.ActiveCfg = Release|Any CPU
		{DCD479E1-8955-400D-B4A5-71623BF5A6C9}.AppStore|iPhoneSimulator.Build.0 = Release|Any CPU
		{DCD479E1-8955-400D-B4A5-71623BF5A6C9}.AppStore|iPhoneSimulator.Deploy.0 = Release|Any CPU
		{DCD479E1-8955-400D-B4A5-71623BF5A6C9}.AppStore|x64.ActiveCfg = Release|Any CPU
		{DCD479E1-8955-400D-B4A5-71623BF5A6C9}.AppStore|x64.Build.0 = Release|Any CPU
		{DCD479E1-8955-400D-B4A5-71623BF5A6C9}.AppStore|x64.Deploy.0 = Release|Any CPU
		{DCD479E1-8955-400D-B4A5-71623BF5A6C9}.AppStore|x86.ActiveCfg = Release|x86
		{DCD479E1-8955-400D-B4A5-71623BF5A6C9}.AppStore|x86.Build.0 = Release|x86
		{DCD479E1-8955-400D-B4A5-71623BF5A6C9}.AppStore|x86.Deploy.0 = Release|x86
		{DCD479E1-8955-400D-B4A5-71623BF5A6C9}.Debug|Any CPU.ActiveCfg = Debug|Any CPU
		{DCD479E1-8955-400D-B4A5-71623BF5A6C9}.Debug|Any CPU.Build.0 = Debug|Any CPU
		{DCD479E1-8955-400D-B4A5-71623BF5A6C9}.Debug|Any CPU.Deploy.0 = Debug|Any CPU
		{DCD479E1-8955-400D-B4A5-71623BF5A6C9}.Debug|ARM.ActiveCfg = Debug|ARM
		{DCD479E1-8955-400D-B4A5-71623BF5A6C9}.Debug|ARM.Build.0 = Debug|ARM
		{DCD479E1-8955-400D-B4A5-71623BF5A6C9}.Debug|ARM.Deploy.0 = Debug|ARM
		{DCD479E1-8955-400D-B4A5-71623BF5A6C9}.Debug|iPhone.ActiveCfg = Debug|Any CPU
		{DCD479E1-8955-400D-B4A5-71623BF5A6C9}.Debug|iPhone.Build.0 = Debug|Any CPU
		{DCD479E1-8955-400D-B4A5-71623BF5A6C9}.Debug|iPhone.Deploy.0 = Debug|Any CPU
		{DCD479E1-8955-400D-B4A5-71623BF5A6C9}.Debug|iPhoneSimulator.ActiveCfg = Debug|Any CPU
		{DCD479E1-8955-400D-B4A5-71623BF5A6C9}.Debug|iPhoneSimulator.Build.0 = Debug|Any CPU
		{DCD479E1-8955-400D-B4A5-71623BF5A6C9}.Debug|iPhoneSimulator.Deploy.0 = Debug|Any CPU
		{DCD479E1-8955-400D-B4A5-71623BF5A6C9}.Debug|x64.ActiveCfg = Debug|Any CPU
		{DCD479E1-8955-400D-B4A5-71623BF5A6C9}.Debug|x64.Build.0 = Debug|Any CPU
		{DCD479E1-8955-400D-B4A5-71623BF5A6C9}.Debug|x64.Deploy.0 = Debug|Any CPU
		{DCD479E1-8955-400D-B4A5-71623BF5A6C9}.Debug|x86.ActiveCfg = Debug|x86
		{DCD479E1-8955-400D-B4A5-71623BF5A6C9}.Debug|x86.Build.0 = Debug|x86
		{DCD479E1-8955-400D-B4A5-71623BF5A6C9}.Debug|x86.Deploy.0 = Debug|x86
		{DCD479E1-8955-400D-B4A5-71623BF5A6C9}.Release|Any CPU.ActiveCfg = Release|Any CPU
		{DCD479E1-8955-400D-B4A5-71623BF5A6C9}.Release|Any CPU.Build.0 = Release|Any CPU
		{DCD479E1-8955-400D-B4A5-71623BF5A6C9}.Release|Any CPU.Deploy.0 = Release|Any CPU
		{DCD479E1-8955-400D-B4A5-71623BF5A6C9}.Release|ARM.ActiveCfg = Release|ARM
		{DCD479E1-8955-400D-B4A5-71623BF5A6C9}.Release|ARM.Build.0 = Release|ARM
		{DCD479E1-8955-400D-B4A5-71623BF5A6C9}.Release|ARM.Deploy.0 = Release|ARM
		{DCD479E1-8955-400D-B4A5-71623BF5A6C9}.Release|iPhone.ActiveCfg = Release|Any CPU
		{DCD479E1-8955-400D-B4A5-71623BF5A6C9}.Release|iPhone.Build.0 = Release|Any CPU
		{DCD479E1-8955-400D-B4A5-71623BF5A6C9}.Release|iPhone.Deploy.0 = Release|Any CPU
		{DCD479E1-8955-400D-B4A5-71623BF5A6C9}.Release|iPhoneSimulator.ActiveCfg = Release|Any CPU
		{DCD479E1-8955-400D-B4A5-71623BF5A6C9}.Release|iPhoneSimulator.Build.0 = Release|Any CPU
		{DCD479E1-8955-400D-B4A5-71623BF5A6C9}.Release|iPhoneSimulator.Deploy.0 = Release|Any CPU
		{DCD479E1-8955-400D-B4A5-71623BF5A6C9}.Release|x64.ActiveCfg = Release|Any CPU
		{DCD479E1-8955-400D-B4A5-71623BF5A6C9}.Release|x64.Build.0 = Release|Any CPU
		{DCD479E1-8955-400D-B4A5-71623BF5A6C9}.Release|x64.Deploy.0 = Release|Any CPU
		{DCD479E1-8955-400D-B4A5-71623BF5A6C9}.Release|x86.ActiveCfg = Release|x86
		{DCD479E1-8955-400D-B4A5-71623BF5A6C9}.Release|x86.Build.0 = Release|x86
		{DCD479E1-8955-400D-B4A5-71623BF5A6C9}.Release|x86.Deploy.0 = Release|x86
		{8059EAA7-5EB8-48E0-A11F-6A8069F171BE}.Ad-Hoc|Any CPU.ActiveCfg = Release|x86
		{8059EAA7-5EB8-48E0-A11F-6A8069F171BE}.Ad-Hoc|Any CPU.Build.0 = Release|x86
		{8059EAA7-5EB8-48E0-A11F-6A8069F171BE}.Ad-Hoc|Any CPU.Deploy.0 = Release|x86
		{8059EAA7-5EB8-48E0-A11F-6A8069F171BE}.Ad-Hoc|ARM.ActiveCfg = Release|ARM
		{8059EAA7-5EB8-48E0-A11F-6A8069F171BE}.Ad-Hoc|ARM.Build.0 = Release|ARM
		{8059EAA7-5EB8-48E0-A11F-6A8069F171BE}.Ad-Hoc|ARM.Deploy.0 = Release|ARM
		{8059EAA7-5EB8-48E0-A11F-6A8069F171BE}.Ad-Hoc|iPhone.ActiveCfg = Release|x86
		{8059EAA7-5EB8-48E0-A11F-6A8069F171BE}.Ad-Hoc|iPhone.Build.0 = Release|x86
		{8059EAA7-5EB8-48E0-A11F-6A8069F171BE}.Ad-Hoc|iPhone.Deploy.0 = Release|x86
		{8059EAA7-5EB8-48E0-A11F-6A8069F171BE}.Ad-Hoc|iPhoneSimulator.ActiveCfg = Release|x86
		{8059EAA7-5EB8-48E0-A11F-6A8069F171BE}.Ad-Hoc|iPhoneSimulator.Build.0 = Release|x86
		{8059EAA7-5EB8-48E0-A11F-6A8069F171BE}.Ad-Hoc|iPhoneSimulator.Deploy.0 = Release|x86
		{8059EAA7-5EB8-48E0-A11F-6A8069F171BE}.Ad-Hoc|x64.ActiveCfg = Release|x64
		{8059EAA7-5EB8-48E0-A11F-6A8069F171BE}.Ad-Hoc|x64.Build.0 = Release|x64
		{8059EAA7-5EB8-48E0-A11F-6A8069F171BE}.Ad-Hoc|x64.Deploy.0 = Release|x64
		{8059EAA7-5EB8-48E0-A11F-6A8069F171BE}.Ad-Hoc|x86.ActiveCfg = Release|x86
		{8059EAA7-5EB8-48E0-A11F-6A8069F171BE}.Ad-Hoc|x86.Build.0 = Release|x86
		{8059EAA7-5EB8-48E0-A11F-6A8069F171BE}.Ad-Hoc|x86.Deploy.0 = Release|x86
		{8059EAA7-5EB8-48E0-A11F-6A8069F171BE}.AppStore|Any CPU.ActiveCfg = Release|x86
		{8059EAA7-5EB8-48E0-A11F-6A8069F171BE}.AppStore|Any CPU.Build.0 = Release|x86
		{8059EAA7-5EB8-48E0-A11F-6A8069F171BE}.AppStore|Any CPU.Deploy.0 = Release|x86
		{8059EAA7-5EB8-48E0-A11F-6A8069F171BE}.AppStore|ARM.ActiveCfg = Release|ARM
		{8059EAA7-5EB8-48E0-A11F-6A8069F171BE}.AppStore|ARM.Build.0 = Release|ARM
		{8059EAA7-5EB8-48E0-A11F-6A8069F171BE}.AppStore|ARM.Deploy.0 = Release|ARM
		{8059EAA7-5EB8-48E0-A11F-6A8069F171BE}.AppStore|iPhone.ActiveCfg = Release|x86
		{8059EAA7-5EB8-48E0-A11F-6A8069F171BE}.AppStore|iPhone.Build.0 = Release|x86
		{8059EAA7-5EB8-48E0-A11F-6A8069F171BE}.AppStore|iPhone.Deploy.0 = Release|x86
		{8059EAA7-5EB8-48E0-A11F-6A8069F171BE}.AppStore|iPhoneSimulator.ActiveCfg = Release|x86
		{8059EAA7-5EB8-48E0-A11F-6A8069F171BE}.AppStore|iPhoneSimulator.Build.0 = Release|x86
		{8059EAA7-5EB8-48E0-A11F-6A8069F171BE}.AppStore|iPhoneSimulator.Deploy.0 = Release|x86
		{8059EAA7-5EB8-48E0-A11F-6A8069F171BE}.AppStore|x64.ActiveCfg = Release|x64
		{8059EAA7-5EB8-48E0-A11F-6A8069F171BE}.AppStore|x64.Build.0 = Release|x64
		{8059EAA7-5EB8-48E0-A11F-6A8069F171BE}.AppStore|x64.Deploy.0 = Release|x64
		{8059EAA7-5EB8-48E0-A11F-6A8069F171BE}.AppStore|x86.ActiveCfg = Release|x86
		{8059EAA7-5EB8-48E0-A11F-6A8069F171BE}.AppStore|x86.Build.0 = Release|x86
		{8059EAA7-5EB8-48E0-A11F-6A8069F171BE}.AppStore|x86.Deploy.0 = Release|x86
		{8059EAA7-5EB8-48E0-A11F-6A8069F171BE}.Debug|Any CPU.ActiveCfg = Debug|x86
		{8059EAA7-5EB8-48E0-A11F-6A8069F171BE}.Debug|ARM.ActiveCfg = Debug|ARM
		{8059EAA7-5EB8-48E0-A11F-6A8069F171BE}.Debug|ARM.Build.0 = Debug|ARM
		{8059EAA7-5EB8-48E0-A11F-6A8069F171BE}.Debug|ARM.Deploy.0 = Debug|ARM
		{8059EAA7-5EB8-48E0-A11F-6A8069F171BE}.Debug|iPhone.ActiveCfg = Debug|x86
		{8059EAA7-5EB8-48E0-A11F-6A8069F171BE}.Debug|iPhoneSimulator.ActiveCfg = Debug|x86
		{8059EAA7-5EB8-48E0-A11F-6A8069F171BE}.Debug|x64.ActiveCfg = Debug|x64
		{8059EAA7-5EB8-48E0-A11F-6A8069F171BE}.Debug|x64.Build.0 = Debug|x64
		{8059EAA7-5EB8-48E0-A11F-6A8069F171BE}.Debug|x64.Deploy.0 = Debug|x64
		{8059EAA7-5EB8-48E0-A11F-6A8069F171BE}.Debug|x86.ActiveCfg = Debug|x86
		{8059EAA7-5EB8-48E0-A11F-6A8069F171BE}.Debug|x86.Build.0 = Debug|x86
		{8059EAA7-5EB8-48E0-A11F-6A8069F171BE}.Debug|x86.Deploy.0 = Debug|x86
		{8059EAA7-5EB8-48E0-A11F-6A8069F171BE}.Release|Any CPU.ActiveCfg = Release|x86
		{8059EAA7-5EB8-48E0-A11F-6A8069F171BE}.Release|ARM.ActiveCfg = Release|ARM
		{8059EAA7-5EB8-48E0-A11F-6A8069F171BE}.Release|ARM.Build.0 = Release|ARM
		{8059EAA7-5EB8-48E0-A11F-6A8069F171BE}.Release|ARM.Deploy.0 = Release|ARM
		{8059EAA7-5EB8-48E0-A11F-6A8069F171BE}.Release|iPhone.ActiveCfg = Release|x86
		{8059EAA7-5EB8-48E0-A11F-6A8069F171BE}.Release|iPhoneSimulator.ActiveCfg = Release|x86
		{8059EAA7-5EB8-48E0-A11F-6A8069F171BE}.Release|x64.ActiveCfg = Release|x64
		{8059EAA7-5EB8-48E0-A11F-6A8069F171BE}.Release|x64.Build.0 = Release|x64
		{8059EAA7-5EB8-48E0-A11F-6A8069F171BE}.Release|x64.Deploy.0 = Release|x64
		{8059EAA7-5EB8-48E0-A11F-6A8069F171BE}.Release|x86.ActiveCfg = Release|x86
		{8059EAA7-5EB8-48E0-A11F-6A8069F171BE}.Release|x86.Build.0 = Release|x86
		{8059EAA7-5EB8-48E0-A11F-6A8069F171BE}.Release|x86.Deploy.0 = Release|x86
		{F433A65E-BCC9-4C70-AC32-78AEDF504AC9}.Ad-Hoc|Any CPU.ActiveCfg = Release|Any CPU
		{F433A65E-BCC9-4C70-AC32-78AEDF504AC9}.Ad-Hoc|Any CPU.Build.0 = Release|Any CPU
		{F433A65E-BCC9-4C70-AC32-78AEDF504AC9}.Ad-Hoc|Any CPU.Deploy.0 = Release|Any CPU
		{F433A65E-BCC9-4C70-AC32-78AEDF504AC9}.Ad-Hoc|ARM.ActiveCfg = Release|ARM
		{F433A65E-BCC9-4C70-AC32-78AEDF504AC9}.Ad-Hoc|ARM.Build.0 = Release|ARM
		{F433A65E-BCC9-4C70-AC32-78AEDF504AC9}.Ad-Hoc|ARM.Deploy.0 = Release|ARM
		{F433A65E-BCC9-4C70-AC32-78AEDF504AC9}.Ad-Hoc|iPhone.ActiveCfg = Release|Any CPU
		{F433A65E-BCC9-4C70-AC32-78AEDF504AC9}.Ad-Hoc|iPhone.Build.0 = Release|Any CPU
		{F433A65E-BCC9-4C70-AC32-78AEDF504AC9}.Ad-Hoc|iPhone.Deploy.0 = Release|Any CPU
		{F433A65E-BCC9-4C70-AC32-78AEDF504AC9}.Ad-Hoc|iPhoneSimulator.ActiveCfg = Release|Any CPU
		{F433A65E-BCC9-4C70-AC32-78AEDF504AC9}.Ad-Hoc|iPhoneSimulator.Build.0 = Release|Any CPU
		{F433A65E-BCC9-4C70-AC32-78AEDF504AC9}.Ad-Hoc|iPhoneSimulator.Deploy.0 = Release|Any CPU
		{F433A65E-BCC9-4C70-AC32-78AEDF504AC9}.Ad-Hoc|x64.ActiveCfg = Release|x64
		{F433A65E-BCC9-4C70-AC32-78AEDF504AC9}.Ad-Hoc|x64.Build.0 = Release|x64
		{F433A65E-BCC9-4C70-AC32-78AEDF504AC9}.Ad-Hoc|x64.Deploy.0 = Release|x64
		{F433A65E-BCC9-4C70-AC32-78AEDF504AC9}.Ad-Hoc|x86.ActiveCfg = Release|x86
		{F433A65E-BCC9-4C70-AC32-78AEDF504AC9}.Ad-Hoc|x86.Build.0 = Release|x86
		{F433A65E-BCC9-4C70-AC32-78AEDF504AC9}.Ad-Hoc|x86.Deploy.0 = Release|x86
		{F433A65E-BCC9-4C70-AC32-78AEDF504AC9}.AppStore|Any CPU.ActiveCfg = Release|Any CPU
		{F433A65E-BCC9-4C70-AC32-78AEDF504AC9}.AppStore|Any CPU.Build.0 = Release|Any CPU
		{F433A65E-BCC9-4C70-AC32-78AEDF504AC9}.AppStore|Any CPU.Deploy.0 = Release|Any CPU
		{F433A65E-BCC9-4C70-AC32-78AEDF504AC9}.AppStore|ARM.ActiveCfg = Release|ARM
		{F433A65E-BCC9-4C70-AC32-78AEDF504AC9}.AppStore|ARM.Build.0 = Release|ARM
		{F433A65E-BCC9-4C70-AC32-78AEDF504AC9}.AppStore|ARM.Deploy.0 = Release|ARM
		{F433A65E-BCC9-4C70-AC32-78AEDF504AC9}.AppStore|iPhone.ActiveCfg = Release|Any CPU
		{F433A65E-BCC9-4C70-AC32-78AEDF504AC9}.AppStore|iPhone.Build.0 = Release|Any CPU
		{F433A65E-BCC9-4C70-AC32-78AEDF504AC9}.AppStore|iPhone.Deploy.0 = Release|Any CPU
		{F433A65E-BCC9-4C70-AC32-78AEDF504AC9}.AppStore|iPhoneSimulator.ActiveCfg = Release|Any CPU
		{F433A65E-BCC9-4C70-AC32-78AEDF504AC9}.AppStore|iPhoneSimulator.Build.0 = Release|Any CPU
		{F433A65E-BCC9-4C70-AC32-78AEDF504AC9}.AppStore|iPhoneSimulator.Deploy.0 = Release|Any CPU
		{F433A65E-BCC9-4C70-AC32-78AEDF504AC9}.AppStore|x64.ActiveCfg = Release|x64
		{F433A65E-BCC9-4C70-AC32-78AEDF504AC9}.AppStore|x64.Build.0 = Release|x64
		{F433A65E-BCC9-4C70-AC32-78AEDF504AC9}.AppStore|x64.Deploy.0 = Release|x64
		{F433A65E-BCC9-4C70-AC32-78AEDF504AC9}.AppStore|x86.ActiveCfg = Release|x86
		{F433A65E-BCC9-4C70-AC32-78AEDF504AC9}.AppStore|x86.Build.0 = Release|x86
		{F433A65E-BCC9-4C70-AC32-78AEDF504AC9}.AppStore|x86.Deploy.0 = Release|x86
		{F433A65E-BCC9-4C70-AC32-78AEDF504AC9}.Debug|Any CPU.ActiveCfg = Debug|Any CPU
		{F433A65E-BCC9-4C70-AC32-78AEDF504AC9}.Debug|Any CPU.Build.0 = Debug|Any CPU
		{F433A65E-BCC9-4C70-AC32-78AEDF504AC9}.Debug|Any CPU.Deploy.0 = Debug|Any CPU
		{F433A65E-BCC9-4C70-AC32-78AEDF504AC9}.Debug|ARM.ActiveCfg = Debug|ARM
		{F433A65E-BCC9-4C70-AC32-78AEDF504AC9}.Debug|ARM.Build.0 = Debug|ARM
		{F433A65E-BCC9-4C70-AC32-78AEDF504AC9}.Debug|ARM.Deploy.0 = Debug|ARM
		{F433A65E-BCC9-4C70-AC32-78AEDF504AC9}.Debug|iPhone.ActiveCfg = Debug|Any CPU
		{F433A65E-BCC9-4C70-AC32-78AEDF504AC9}.Debug|iPhone.Build.0 = Debug|Any CPU
		{F433A65E-BCC9-4C70-AC32-78AEDF504AC9}.Debug|iPhone.Deploy.0 = Debug|Any CPU
		{F433A65E-BCC9-4C70-AC32-78AEDF504AC9}.Debug|iPhoneSimulator.ActiveCfg = Debug|Any CPU
		{F433A65E-BCC9-4C70-AC32-78AEDF504AC9}.Debug|iPhoneSimulator.Build.0 = Debug|Any CPU
		{F433A65E-BCC9-4C70-AC32-78AEDF504AC9}.Debug|iPhoneSimulator.Deploy.0 = Debug|Any CPU
		{F433A65E-BCC9-4C70-AC32-78AEDF504AC9}.Debug|x64.ActiveCfg = Debug|x64
		{F433A65E-BCC9-4C70-AC32-78AEDF504AC9}.Debug|x64.Build.0 = Debug|x64
		{F433A65E-BCC9-4C70-AC32-78AEDF504AC9}.Debug|x64.Deploy.0 = Debug|x64
		{F433A65E-BCC9-4C70-AC32-78AEDF504AC9}.Debug|x86.ActiveCfg = Debug|x86
		{F433A65E-BCC9-4C70-AC32-78AEDF504AC9}.Debug|x86.Build.0 = Debug|x86
		{F433A65E-BCC9-4C70-AC32-78AEDF504AC9}.Debug|x86.Deploy.0 = Debug|x86
		{F433A65E-BCC9-4C70-AC32-78AEDF504AC9}.Release|Any CPU.ActiveCfg = Release|Any CPU
		{F433A65E-BCC9-4C70-AC32-78AEDF504AC9}.Release|Any CPU.Build.0 = Release|Any CPU
		{F433A65E-BCC9-4C70-AC32-78AEDF504AC9}.Release|Any CPU.Deploy.0 = Release|Any CPU
		{F433A65E-BCC9-4C70-AC32-78AEDF504AC9}.Release|ARM.ActiveCfg = Release|ARM
		{F433A65E-BCC9-4C70-AC32-78AEDF504AC9}.Release|ARM.Build.0 = Release|ARM
		{F433A65E-BCC9-4C70-AC32-78AEDF504AC9}.Release|ARM.Deploy.0 = Release|ARM
		{F433A65E-BCC9-4C70-AC32-78AEDF504AC9}.Release|iPhone.ActiveCfg = Release|Any CPU
		{F433A65E-BCC9-4C70-AC32-78AEDF504AC9}.Release|iPhone.Build.0 = Release|Any CPU
		{F433A65E-BCC9-4C70-AC32-78AEDF504AC9}.Release|iPhone.Deploy.0 = Release|Any CPU
		{F433A65E-BCC9-4C70-AC32-78AEDF504AC9}.Release|iPhoneSimulator.ActiveCfg = Release|Any CPU
		{F433A65E-BCC9-4C70-AC32-78AEDF504AC9}.Release|iPhoneSimulator.Build.0 = Release|Any CPU
		{F433A65E-BCC9-4C70-AC32-78AEDF504AC9}.Release|iPhoneSimulator.Deploy.0 = Release|Any CPU
		{F433A65E-BCC9-4C70-AC32-78AEDF504AC9}.Release|x64.ActiveCfg = Release|x64
		{F433A65E-BCC9-4C70-AC32-78AEDF504AC9}.Release|x64.Build.0 = Release|x64
		{F433A65E-BCC9-4C70-AC32-78AEDF504AC9}.Release|x64.Deploy.0 = Release|x64
		{F433A65E-BCC9-4C70-AC32-78AEDF504AC9}.Release|x86.ActiveCfg = Release|x86
		{F433A65E-BCC9-4C70-AC32-78AEDF504AC9}.Release|x86.Build.0 = Release|x86
		{F433A65E-BCC9-4C70-AC32-78AEDF504AC9}.Release|x86.Deploy.0 = Release|x86
	EndGlobalSection
	GlobalSection(SolutionProperties) = preSolution
		HideSolutionNode = FALSE
	EndGlobalSection
EndGlobal
